// !$*UTF8*$!
{
	archiveVersion = 1;
	classes = {
	};
	objectVersion = 56;
	objects = {

/* Begin PBXBuildFile section */
		553176F929D19D9B00DEFCFF /* AddTrackerViewController.swift in Sources */ = {isa = PBXBuildFile; fileRef = 553176F829D19D9B00DEFCFF /* AddTrackerViewController.swift */; };
		553176FC29D1A16900DEFCFF /* Button.swift in Sources */ = {isa = PBXBuildFile; fileRef = 553176FB29D1A16900DEFCFF /* Button.swift */; };
		5531770829D1E9F100DEFCFF /* UICollectionView+Extensions.swift in Sources */ = {isa = PBXBuildFile; fileRef = 5531770729D1E9F100DEFCFF /* UICollectionView+Extensions.swift */; };
		5531770A29D1F8EF00DEFCFF /* TextField.swift in Sources */ = {isa = PBXBuildFile; fileRef = 5531770929D1F8EF00DEFCFF /* TextField.swift */; };
		5531771029D2BC5D00DEFCFF /* ListItem.swift in Sources */ = {isa = PBXBuildFile; fileRef = 5531770F29D2BC5D00DEFCFF /* ListItem.swift */; };
		5531771429D2D93800DEFCFF /* SelectionTitle.swift in Sources */ = {isa = PBXBuildFile; fileRef = 5531771329D2D93800DEFCFF /* SelectionTitle.swift */; };
		555FC09729DADA6100E6C0D9 /* Constants.swift in Sources */ = {isa = PBXBuildFile; fileRef = 555FC09629DADA6100E6C0D9 /* Constants.swift */; };
		559D0AC129E5280800B2B82E /* Model.xcdatamodeld in Sources */ = {isa = PBXBuildFile; fileRef = 559D0ABF29E5280800B2B82E /* Model.xcdatamodeld */; };
		559FCC0A29D5A228009CEA46 /* TrackerFormViewController.swift in Sources */ = {isa = PBXBuildFile; fileRef = 559FCC0929D5A228009CEA46 /* TrackerFormViewController.swift */; };
		55A6B16C29CE1D17005449F4 /* TrackerCell.swift in Sources */ = {isa = PBXBuildFile; fileRef = 55A6B16B29CE1D17005449F4 /* TrackerCell.swift */; };
		55B06F9829CDB20000A7F900 /* UIColor+Extenstions.swift in Sources */ = {isa = PBXBuildFile; fileRef = 55B06F9729CDB20000A7F900 /* UIColor+Extenstions.swift */; };
		55B06F9B29CDB63B00A7F900 /* TabBarController.swift in Sources */ = {isa = PBXBuildFile; fileRef = 55B06F9A29CDB63B00A7F900 /* TabBarController.swift */; };
		55B06F9D29CDB76D00A7F900 /* StatisticsViewController.swift in Sources */ = {isa = PBXBuildFile; fileRef = 55B06F9C29CDB76D00A7F900 /* StatisticsViewController.swift */; };
		55BC269729CCB28A006333B4 /* AppDelegate.swift in Sources */ = {isa = PBXBuildFile; fileRef = 55BC269629CCB28A006333B4 /* AppDelegate.swift */; };
		55BC269929CCB28A006333B4 /* SceneDelegate.swift in Sources */ = {isa = PBXBuildFile; fileRef = 55BC269829CCB28A006333B4 /* SceneDelegate.swift */; };
		55BC269B29CCB28A006333B4 /* TrackersViewController.swift in Sources */ = {isa = PBXBuildFile; fileRef = 55BC269A29CCB28A006333B4 /* TrackersViewController.swift */; };
		55BC26A029CCB28B006333B4 /* Assets.xcassets in Resources */ = {isa = PBXBuildFile; fileRef = 55BC269F29CCB28B006333B4 /* Assets.xcassets */; };
		55CCE51029D7040E001B23E6 /* ScheduleViewController.swift in Sources */ = {isa = PBXBuildFile; fileRef = 55CCE50F29D7040E001B23E6 /* ScheduleViewController.swift */; };
		55CCE51229D7091C001B23E6 /* WeekdayCell.swift in Sources */ = {isa = PBXBuildFile; fileRef = 55CCE51129D7091C001B23E6 /* WeekdayCell.swift */; };
		55D1CB0829E6F6E2001EE8F4 /* TrackerRecordStore.swift in Sources */ = {isa = PBXBuildFile; fileRef = 55D1CB0729E6F6E2001EE8F4 /* TrackerRecordStore.swift */; };
		55F530AC29D0851E002D0826 /* Date+Extensions.swift in Sources */ = {isa = PBXBuildFile; fileRef = 55F530AB29D0851E002D0826 /* Date+Extensions.swift */; };
		55F530AE29D095DE002D0826 /* Int+Extensions.swift in Sources */ = {isa = PBXBuildFile; fileRef = 55F530AD29D095DE002D0826 /* Int+Extensions.swift */; };
		55F6512229CF0BFF00C3E4F2 /* Tracker.swift in Sources */ = {isa = PBXBuildFile; fileRef = 55F6512129CF0BFF00C3E4F2 /* Tracker.swift */; };
		55F6512429CF14E700C3E4F2 /* TrackerCategory.swift in Sources */ = {isa = PBXBuildFile; fileRef = 55F6512329CF14E700C3E4F2 /* TrackerCategory.swift */; };
		55F6512629CF15D600C3E4F2 /* TrackerRecord.swift in Sources */ = {isa = PBXBuildFile; fileRef = 55F6512529CF15D600C3E4F2 /* TrackerRecord.swift */; };
		55F6512829CF6D5E00C3E4F2 /* TrackerCategoryLabel.swift in Sources */ = {isa = PBXBuildFile; fileRef = 55F6512729CF6D5E00C3E4F2 /* TrackerCategoryLabel.swift */; };
		55FED95A29E5B2D2006CE32B /* TrackerStore.swift in Sources */ = {isa = PBXBuildFile; fileRef = 55FED95929E5B2D2006CE32B /* TrackerStore.swift */; };
		55FED95C29E5B51C006CE32B /* UIColorMarshalling.swift in Sources */ = {isa = PBXBuildFile; fileRef = 55FED95B29E5B51C006CE32B /* UIColorMarshalling.swift */; };
		55FED95E29E5B888006CE32B /* TrackerCategoryStore.swift in Sources */ = {isa = PBXBuildFile; fileRef = 55FED95D29E5B888006CE32B /* TrackerCategoryStore.swift */; };
		7F41AFE0B58028919BDCD2F2 /* Pods_Tracker.framework in Frameworks */ = {isa = PBXBuildFile; fileRef = 596C987566434025A65B330F /* Pods_Tracker.framework */; };
		C5674EF62A636D98001FAC41 /* Localizable.strings in Resources */ = {isa = PBXBuildFile; fileRef = C5674EF82A636D98001FAC41 /* Localizable.strings */; };
		C5674EFB2A636DA5001FAC41 /* Localizable.stringsdict in Resources */ = {isa = PBXBuildFile; fileRef = C5674EFD2A636DA5001FAC41 /* Localizable.stringsdict */; };
		C56DF7F62A636722009E89D6 /* LaunchScreen.storyboard in Resources */ = {isa = PBXBuildFile; fileRef = C56DF7F52A636722009E89D6 /* LaunchScreen.storyboard */; };
		C5B0A11A2A57E1D6008C0C26 /* UserDefaultsBacked.swift in Sources */ = {isa = PBXBuildFile; fileRef = C5B0A1192A57E1D6008C0C26 /* UserDefaultsBacked.swift */; };
		C5B0A11C2A57E1DB008C0C26 /* UIViewController+Extensions.swift in Sources */ = {isa = PBXBuildFile; fileRef = C5B0A11B2A57E1DB008C0C26 /* UIViewController+Extensions.swift */; };
		C5B0A11E2A57E271008C0C26 /* NotFoundStack.swift in Sources */ = {isa = PBXBuildFile; fileRef = C5B0A11D2A57E271008C0C26 /* NotFoundStack.swift */; };
		C5B0A1212A57E27F008C0C26 /* RootViewController.swift in Sources */ = {isa = PBXBuildFile; fileRef = C5B0A1202A57E27F008C0C26 /* RootViewController.swift */; };
		C5B0A1252A57E293008C0C26 /* OnboardingPageViewController.swift in Sources */ = {isa = PBXBuildFile; fileRef = C5B0A1232A57E292008C0C26 /* OnboardingPageViewController.swift */; };
		C5B0A1262A57E293008C0C26 /* OnboardingViewController.swift in Sources */ = {isa = PBXBuildFile; fileRef = C5B0A1242A57E292008C0C26 /* OnboardingViewController.swift */; };
		C5B0A1352A57E350008C0C26 /* CategoryCell.swift in Sources */ = {isa = PBXBuildFile; fileRef = C5B0A1312A57E350008C0C26 /* CategoryCell.swift */; };
		C5B0A1362A57E350008C0C26 /* CategoriesViewModel.swift in Sources */ = {isa = PBXBuildFile; fileRef = C5B0A1322A57E350008C0C26 /* CategoriesViewModel.swift */; };
		C5B0A1372A57E350008C0C26 /* CategoryFormViewController.swift in Sources */ = {isa = PBXBuildFile; fileRef = C5B0A1332A57E350008C0C26 /* CategoryFormViewController.swift */; };
		C5B0A1382A57E350008C0C26 /* CategoriesViewController.swift in Sources */ = {isa = PBXBuildFile; fileRef = C5B0A1342A57E350008C0C26 /* CategoriesViewController.swift */; };
		C5F161482A53F5BA00C20D5B /* CoreDataStack.swift in Sources */ = {isa = PBXBuildFile; fileRef = C5F161472A53F5BA00C20D5B /* CoreDataStack.swift */; };
		C5FB3BD32A63642100F5673C /* TrackerTests.swift in Sources */ = {isa = PBXBuildFile; fileRef = C5FB3BD22A63642100F5673C /* TrackerTests.swift */; };
		C5FB3BDA2A63642B00F5673C /* SnapshotTesting in Frameworks */ = {isa = PBXBuildFile; productRef = C5FB3BD92A63642B00F5673C /* SnapshotTesting */; };
		C5FF5F8B2A62D3DD0025D17B /* StatisticsView.swift in Sources */ = {isa = PBXBuildFile; fileRef = C5FF5F8A2A62D3DD0025D17B /* StatisticsView.swift */; };
		C5FF5F8D2A62D4DC0025D17B /* StatisticsViewModel.swift in Sources */ = {isa = PBXBuildFile; fileRef = C5FF5F8C2A62D4DC0025D17B /* StatisticsViewModel.swift */; };
		C5FF5F932A62D52B0025D17B /* ColorCell.swift in Sources */ = {isa = PBXBuildFile; fileRef = C5FF5F8F2A62D52B0025D17B /* ColorCell.swift */; };
		C5FF5F942A62D52B0025D17B /* ListCell.swift in Sources */ = {isa = PBXBuildFile; fileRef = C5FF5F902A62D52B0025D17B /* ListCell.swift */; };
		C5FF5F952A62D52B0025D17B /* SelectionCellProtocol.swift in Sources */ = {isa = PBXBuildFile; fileRef = C5FF5F912A62D52B0025D17B /* SelectionCellProtocol.swift */; };
		C5FF5F962A62D52C0025D17B /* EmojiCell.swift in Sources */ = {isa = PBXBuildFile; fileRef = C5FF5F922A62D52B0025D17B /* EmojiCell.swift */; };
		C5FF5F992A62D56C0025D17B /* AnalyticsService.swift in Sources */ = {isa = PBXBuildFile; fileRef = C5FF5F982A62D56C0025D17B /* AnalyticsService.swift */; };
		C5FF5F9B2A62D6640025D17B /* UIView+Extensions.swift in Sources */ = {isa = PBXBuildFile; fileRef = C5FF5F9A2A62D6640025D17B /* UIView+Extensions.swift */; };
		C5FF5F9D2A62D6700025D17B /* CGPoint+Extensions.swift in Sources */ = {isa = PBXBuildFile; fileRef = C5FF5F9C2A62D6700025D17B /* CGPoint+Extensions.swift */; };
		C5FF5F9F2A62D67B0025D17B /* Array+Extensions.swift in Sources */ = {isa = PBXBuildFile; fileRef = C5FF5F9E2A62D67A0025D17B /* Array+Extensions.swift */; };
		C5FF5FA62A62D6A10025D17B /* Strings+Generated.swift in Sources */ = {isa = PBXBuildFile; fileRef = C5FF5FA52A62D6A10025D17B /* Strings+Generated.swift */; };
		C5FF5FA82A62D8490025D17B /* UIImage+Extensions.swift in Sources */ = {isa = PBXBuildFile; fileRef = C5FF5FA72A62D8490025D17B /* UIImage+Extensions.swift */; };
/* End PBXBuildFile section */

/* Begin PBXContainerItemProxy section */
		C5FB3BD42A63642100F5673C /* PBXContainerItemProxy */ = {
			isa = PBXContainerItemProxy;
			containerPortal = 55BC268B29CCB28A006333B4 /* Project object */;
			proxyType = 1;
			remoteGlobalIDString = 55BC269229CCB28A006333B4;
			remoteInfo = Tracker;
		};
/* End PBXContainerItemProxy section */

/* Begin PBXFileReference section */
		553176F829D19D9B00DEFCFF /* AddTrackerViewController.swift */ = {isa = PBXFileReference; lastKnownFileType = sourcecode.swift; path = AddTrackerViewController.swift; sourceTree = "<group>"; };
		553176FB29D1A16900DEFCFF /* Button.swift */ = {isa = PBXFileReference; lastKnownFileType = sourcecode.swift; path = Button.swift; sourceTree = "<group>"; };
		5531770729D1E9F100DEFCFF /* UICollectionView+Extensions.swift */ = {isa = PBXFileReference; lastKnownFileType = sourcecode.swift; path = "UICollectionView+Extensions.swift"; sourceTree = "<group>"; };
		5531770929D1F8EF00DEFCFF /* TextField.swift */ = {isa = PBXFileReference; lastKnownFileType = sourcecode.swift; path = TextField.swift; sourceTree = "<group>"; };
		5531770F29D2BC5D00DEFCFF /* ListItem.swift */ = {isa = PBXFileReference; lastKnownFileType = sourcecode.swift; path = ListItem.swift; sourceTree = "<group>"; };
		5531771329D2D93800DEFCFF /* SelectionTitle.swift */ = {isa = PBXFileReference; lastKnownFileType = sourcecode.swift; path = SelectionTitle.swift; sourceTree = "<group>"; };
		555FC09629DADA6100E6C0D9 /* Constants.swift */ = {isa = PBXFileReference; lastKnownFileType = sourcecode.swift; path = Constants.swift; sourceTree = "<group>"; };
		559D0AC029E5280800B2B82E /* Model.xcdatamodel */ = {isa = PBXFileReference; lastKnownFileType = wrapper.xcdatamodel; path = Model.xcdatamodel; sourceTree = "<group>"; };
		559FCC0929D5A228009CEA46 /* TrackerFormViewController.swift */ = {isa = PBXFileReference; lastKnownFileType = sourcecode.swift; path = TrackerFormViewController.swift; sourceTree = "<group>"; };
		55A6B16B29CE1D17005449F4 /* TrackerCell.swift */ = {isa = PBXFileReference; lastKnownFileType = sourcecode.swift; path = TrackerCell.swift; sourceTree = "<group>"; };
		55B06F9729CDB20000A7F900 /* UIColor+Extenstions.swift */ = {isa = PBXFileReference; lastKnownFileType = sourcecode.swift; path = "UIColor+Extenstions.swift"; sourceTree = "<group>"; };
		55B06F9A29CDB63B00A7F900 /* TabBarController.swift */ = {isa = PBXFileReference; lastKnownFileType = sourcecode.swift; path = TabBarController.swift; sourceTree = "<group>"; };
		55B06F9C29CDB76D00A7F900 /* StatisticsViewController.swift */ = {isa = PBXFileReference; lastKnownFileType = sourcecode.swift; path = StatisticsViewController.swift; sourceTree = "<group>"; };
		55BC269629CCB28A006333B4 /* AppDelegate.swift */ = {isa = PBXFileReference; lastKnownFileType = sourcecode.swift; path = AppDelegate.swift; sourceTree = "<group>"; };
		55BC269829CCB28A006333B4 /* SceneDelegate.swift */ = {isa = PBXFileReference; lastKnownFileType = sourcecode.swift; path = SceneDelegate.swift; sourceTree = "<group>"; };
		55BC269A29CCB28A006333B4 /* TrackersViewController.swift */ = {isa = PBXFileReference; lastKnownFileType = sourcecode.swift; path = TrackersViewController.swift; sourceTree = "<group>"; };
		55BC269F29CCB28B006333B4 /* Assets.xcassets */ = {isa = PBXFileReference; lastKnownFileType = folder.assetcatalog; path = Assets.xcassets; sourceTree = "<group>"; };
		55CCE50F29D7040E001B23E6 /* ScheduleViewController.swift */ = {isa = PBXFileReference; lastKnownFileType = sourcecode.swift; path = ScheduleViewController.swift; sourceTree = "<group>"; };
		55CCE51129D7091C001B23E6 /* WeekdayCell.swift */ = {isa = PBXFileReference; lastKnownFileType = sourcecode.swift; path = WeekdayCell.swift; sourceTree = "<group>"; };
		55D1CB0729E6F6E2001EE8F4 /* TrackerRecordStore.swift */ = {isa = PBXFileReference; lastKnownFileType = sourcecode.swift; path = TrackerRecordStore.swift; sourceTree = "<group>"; };
		55F530AB29D0851E002D0826 /* Date+Extensions.swift */ = {isa = PBXFileReference; fileEncoding = 4; lastKnownFileType = sourcecode.swift; path = "Date+Extensions.swift"; sourceTree = "<group>"; };
		55F530AD29D095DE002D0826 /* Int+Extensions.swift */ = {isa = PBXFileReference; lastKnownFileType = sourcecode.swift; path = "Int+Extensions.swift"; sourceTree = "<group>"; };
		55F6512129CF0BFF00C3E4F2 /* Tracker.swift */ = {isa = PBXFileReference; lastKnownFileType = sourcecode.swift; path = Tracker.swift; sourceTree = "<group>"; };
		55F6512329CF14E700C3E4F2 /* TrackerCategory.swift */ = {isa = PBXFileReference; lastKnownFileType = sourcecode.swift; path = TrackerCategory.swift; sourceTree = "<group>"; };
		55F6512529CF15D600C3E4F2 /* TrackerRecord.swift */ = {isa = PBXFileReference; lastKnownFileType = sourcecode.swift; path = TrackerRecord.swift; sourceTree = "<group>"; };
		55F6512729CF6D5E00C3E4F2 /* TrackerCategoryLabel.swift */ = {isa = PBXFileReference; lastKnownFileType = sourcecode.swift; path = TrackerCategoryLabel.swift; sourceTree = "<group>"; };
		55FED95929E5B2D2006CE32B /* TrackerStore.swift */ = {isa = PBXFileReference; lastKnownFileType = sourcecode.swift; path = TrackerStore.swift; sourceTree = "<group>"; };
		55FED95B29E5B51C006CE32B /* UIColorMarshalling.swift */ = {isa = PBXFileReference; fileEncoding = 4; lastKnownFileType = sourcecode.swift; path = UIColorMarshalling.swift; sourceTree = "<group>"; };
		55FED95D29E5B888006CE32B /* TrackerCategoryStore.swift */ = {isa = PBXFileReference; lastKnownFileType = sourcecode.swift; path = TrackerCategoryStore.swift; sourceTree = "<group>"; };
		596C987566434025A65B330F /* Pods_Tracker.framework */ = {isa = PBXFileReference; explicitFileType = wrapper.framework; includeInIndex = 0; path = Pods_Tracker.framework; sourceTree = BUILT_PRODUCTS_DIR; };
		A5AF4CFEC83EFD14122504EC /* Pods-Tracker.debug.xcconfig */ = {isa = PBXFileReference; includeInIndex = 1; lastKnownFileType = text.xcconfig; name = "Pods-Tracker.debug.xcconfig"; path = "Target Support Files/Pods-Tracker/Pods-Tracker.debug.xcconfig"; sourceTree = "<group>"; };
		B550941B412215C8FBAB5D14 /* Pods-Tracker.release.xcconfig */ = {isa = PBXFileReference; includeInIndex = 1; lastKnownFileType = text.xcconfig; name = "Pods-Tracker.release.xcconfig"; path = "Target Support Files/Pods-Tracker/Pods-Tracker.release.xcconfig"; sourceTree = "<group>"; };
		C5674EC92A636875001FAC41 /* Info.plist */ = {isa = PBXFileReference; fileEncoding = 4; lastKnownFileType = text.plist.xml; path = Info.plist; sourceTree = "<group>"; };
		C5674EF72A636D98001FAC41 /* ru */ = {isa = PBXFileReference; lastKnownFileType = text.plist.strings; name = ru; path = ru.lproj/Localizable.strings; sourceTree = "<group>"; };
		C5674EFC2A636DA5001FAC41 /* ru */ = {isa = PBXFileReference; lastKnownFileType = text.plist.stringsdict; name = ru; path = ru.lproj/Localizable.stringsdict; sourceTree = "<group>"; };
		C5674EFE2A636DB3001FAC41 /* en */ = {isa = PBXFileReference; lastKnownFileType = text.plist.strings; name = en; path = en.lproj/Localizable.strings; sourceTree = "<group>"; };
		C5674EFF2A636DB3001FAC41 /* en */ = {isa = PBXFileReference; lastKnownFileType = text.plist.stringsdict; name = en; path = en.lproj/Localizable.stringsdict; sourceTree = "<group>"; };
		C56DF7F52A636722009E89D6 /* LaunchScreen.storyboard */ = {isa = PBXFileReference; fileEncoding = 4; lastKnownFileType = file.storyboard; path = LaunchScreen.storyboard; sourceTree = "<group>"; };
		C5B0A1192A57E1D6008C0C26 /* UserDefaultsBacked.swift */ = {isa = PBXFileReference; fileEncoding = 4; lastKnownFileType = sourcecode.swift; path = UserDefaultsBacked.swift; sourceTree = "<group>"; };
		C5B0A11B2A57E1DB008C0C26 /* UIViewController+Extensions.swift */ = {isa = PBXFileReference; fileEncoding = 4; lastKnownFileType = sourcecode.swift; path = "UIViewController+Extensions.swift"; sourceTree = "<group>"; };
		C5B0A11D2A57E271008C0C26 /* NotFoundStack.swift */ = {isa = PBXFileReference; fileEncoding = 4; lastKnownFileType = sourcecode.swift; path = NotFoundStack.swift; sourceTree = "<group>"; };
		C5B0A1202A57E27F008C0C26 /* RootViewController.swift */ = {isa = PBXFileReference; fileEncoding = 4; lastKnownFileType = sourcecode.swift; path = RootViewController.swift; sourceTree = "<group>"; };
		C5B0A1232A57E292008C0C26 /* OnboardingPageViewController.swift */ = {isa = PBXFileReference; fileEncoding = 4; lastKnownFileType = sourcecode.swift; path = OnboardingPageViewController.swift; sourceTree = "<group>"; };
		C5B0A1242A57E292008C0C26 /* OnboardingViewController.swift */ = {isa = PBXFileReference; fileEncoding = 4; lastKnownFileType = sourcecode.swift; path = OnboardingViewController.swift; sourceTree = "<group>"; };
		C5B0A1312A57E350008C0C26 /* CategoryCell.swift */ = {isa = PBXFileReference; fileEncoding = 4; lastKnownFileType = sourcecode.swift; path = CategoryCell.swift; sourceTree = "<group>"; };
		C5B0A1322A57E350008C0C26 /* CategoriesViewModel.swift */ = {isa = PBXFileReference; fileEncoding = 4; lastKnownFileType = sourcecode.swift; path = CategoriesViewModel.swift; sourceTree = "<group>"; };
		C5B0A1332A57E350008C0C26 /* CategoryFormViewController.swift */ = {isa = PBXFileReference; fileEncoding = 4; lastKnownFileType = sourcecode.swift; path = CategoryFormViewController.swift; sourceTree = "<group>"; };
		C5B0A1342A57E350008C0C26 /* CategoriesViewController.swift */ = {isa = PBXFileReference; fileEncoding = 4; lastKnownFileType = sourcecode.swift; path = CategoriesViewController.swift; sourceTree = "<group>"; };
		C5F161472A53F5BA00C20D5B /* CoreDataStack.swift */ = {isa = PBXFileReference; lastKnownFileType = sourcecode.swift; path = CoreDataStack.swift; sourceTree = "<group>"; };
		C5FB3B982A635D5A00F5673C /* Tracker.app */ = {isa = PBXFileReference; explicitFileType = wrapper.application; includeInIndex = 0; path = Tracker.app; sourceTree = BUILT_PRODUCTS_DIR; };
		C5FB3BD02A63642100F5673C /* TrackerTests.xctest */ = {isa = PBXFileReference; explicitFileType = wrapper.cfbundle; includeInIndex = 0; path = TrackerTests.xctest; sourceTree = BUILT_PRODUCTS_DIR; };
		C5FB3BD22A63642100F5673C /* TrackerTests.swift */ = {isa = PBXFileReference; lastKnownFileType = sourcecode.swift; path = TrackerTests.swift; sourceTree = "<group>"; };
		C5FF5F8A2A62D3DD0025D17B /* StatisticsView.swift */ = {isa = PBXFileReference; fileEncoding = 4; lastKnownFileType = sourcecode.swift; path = StatisticsView.swift; sourceTree = "<group>"; };
		C5FF5F8C2A62D4DC0025D17B /* StatisticsViewModel.swift */ = {isa = PBXFileReference; fileEncoding = 4; lastKnownFileType = sourcecode.swift; path = StatisticsViewModel.swift; sourceTree = "<group>"; };
		C5FF5F8F2A62D52B0025D17B /* ColorCell.swift */ = {isa = PBXFileReference; fileEncoding = 4; lastKnownFileType = sourcecode.swift; path = ColorCell.swift; sourceTree = "<group>"; };
		C5FF5F902A62D52B0025D17B /* ListCell.swift */ = {isa = PBXFileReference; fileEncoding = 4; lastKnownFileType = sourcecode.swift; path = ListCell.swift; sourceTree = "<group>"; };
		C5FF5F912A62D52B0025D17B /* SelectionCellProtocol.swift */ = {isa = PBXFileReference; fileEncoding = 4; lastKnownFileType = sourcecode.swift; path = SelectionCellProtocol.swift; sourceTree = "<group>"; };
		C5FF5F922A62D52B0025D17B /* EmojiCell.swift */ = {isa = PBXFileReference; fileEncoding = 4; lastKnownFileType = sourcecode.swift; path = EmojiCell.swift; sourceTree = "<group>"; };
		C5FF5F982A62D56C0025D17B /* AnalyticsService.swift */ = {isa = PBXFileReference; fileEncoding = 4; lastKnownFileType = sourcecode.swift; path = AnalyticsService.swift; sourceTree = "<group>"; };
		C5FF5F9A2A62D6640025D17B /* UIView+Extensions.swift */ = {isa = PBXFileReference; fileEncoding = 4; lastKnownFileType = sourcecode.swift; path = "UIView+Extensions.swift"; sourceTree = "<group>"; };
		C5FF5F9C2A62D6700025D17B /* CGPoint+Extensions.swift */ = {isa = PBXFileReference; fileEncoding = 4; lastKnownFileType = sourcecode.swift; path = "CGPoint+Extensions.swift"; sourceTree = "<group>"; };
		C5FF5F9E2A62D67A0025D17B /* Array+Extensions.swift */ = {isa = PBXFileReference; fileEncoding = 4; lastKnownFileType = sourcecode.swift; path = "Array+Extensions.swift"; sourceTree = "<group>"; };
		C5FF5FA52A62D6A10025D17B /* Strings+Generated.swift */ = {isa = PBXFileReference; fileEncoding = 4; lastKnownFileType = sourcecode.swift; path = "Strings+Generated.swift"; sourceTree = "<group>"; };
		C5FF5FA72A62D8490025D17B /* UIImage+Extensions.swift */ = {isa = PBXFileReference; fileEncoding = 4; lastKnownFileType = sourcecode.swift; path = "UIImage+Extensions.swift"; sourceTree = "<group>"; };
/* End PBXFileReference section */

/* Begin PBXFrameworksBuildPhase section */
		55BC269029CCB28A006333B4 /* Frameworks */ = {
			isa = PBXFrameworksBuildPhase;
			buildActionMask = 2147483647;
			files = (
				7F41AFE0B58028919BDCD2F2 /* Pods_Tracker.framework in Frameworks */,
			);
			runOnlyForDeploymentPostprocessing = 0;
		};
		C5FB3BCD2A63642100F5673C /* Frameworks */ = {
			isa = PBXFrameworksBuildPhase;
			buildActionMask = 2147483647;
			files = (
				C5FB3BDA2A63642B00F5673C /* SnapshotTesting in Frameworks */,
			);
			runOnlyForDeploymentPostprocessing = 0;
		};
/* End PBXFrameworksBuildPhase section */

/* Begin PBXGroup section */
		553176FA29D1A15D00DEFCFF /* Components */ = {
			isa = PBXGroup;
			children = (
				553176FB29D1A16900DEFCFF /* Button.swift */,
				5531770929D1F8EF00DEFCFF /* TextField.swift */,
				5531770F29D2BC5D00DEFCFF /* ListItem.swift */,
				C5B0A11D2A57E271008C0C26 /* NotFoundStack.swift */,
				C5FF5F8A2A62D3DD0025D17B /* StatisticsView.swift */,
			);
			path = Components;
			sourceTree = "<group>";
		};
		553176FD29D1B25400DEFCFF /* AddTracker */ = {
			isa = PBXGroup;
			children = (
				553176F829D19D9B00DEFCFF /* AddTrackerViewController.swift */,
			);
			path = AddTracker;
			sourceTree = "<group>";
		};
		553176FE29D1B27100DEFCFF /* Statistics */ = {
			isa = PBXGroup;
			children = (
				55B06F9C29CDB76D00A7F900 /* StatisticsViewController.swift */,
				C5FF5F8C2A62D4DC0025D17B /* StatisticsViewModel.swift */,
			);
			path = Statistics;
			sourceTree = "<group>";
		};
		558D5C8D29E2E9FC00C60519 /* UI */ = {
			isa = PBXGroup;
			children = (
				553176FA29D1A15D00DEFCFF /* Components */,
				C5B0A11F2A57E27F008C0C26 /* Root */,
				C5B0A1222A57E292008C0C26 /* Onboarding */,
				55B06F9929CDB62D00A7F900 /* TabBar */,
				55A6B16A29CE1CE5005449F4 /* Trackers */,
				553176FE29D1B27100DEFCFF /* Statistics */,
				553176FD29D1B25400DEFCFF /* AddTracker */,
				559FCC0829D5A205009CEA46 /* TrackerForm */,
				C5B0A1302A57E350008C0C26 /* Categories */,
				55CCE50E29D703F4001B23E6 /* Schedule */,
			);
			path = UI;
			sourceTree = "<group>";
		};
		559FCC0829D5A205009CEA46 /* TrackerForm */ = {
			isa = PBXGroup;
			children = (
				C5FF5F8E2A62D52B0025D17B /* Cells */,
				559FCC0929D5A228009CEA46 /* TrackerFormViewController.swift */,
				5531771329D2D93800DEFCFF /* SelectionTitle.swift */,
			);
			path = TrackerForm;
			sourceTree = "<group>";
		};
		55A6B16A29CE1CE5005449F4 /* Trackers */ = {
			isa = PBXGroup;
			children = (
				55BC269A29CCB28A006333B4 /* TrackersViewController.swift */,
				55A6B16B29CE1D17005449F4 /* TrackerCell.swift */,
				55F6512729CF6D5E00C3E4F2 /* TrackerCategoryLabel.swift */,
			);
			path = Trackers;
			sourceTree = "<group>";
		};
		55B06F9529CDAEC800A7F900 /* Resources */ = {
			isa = PBXGroup;
			children = (
				C56DF7F52A636722009E89D6 /* LaunchScreen.storyboard */,
				C5674EC92A636875001FAC41 /* Info.plist */,
				55BC269F29CCB28B006333B4 /* Assets.xcassets */,
				C5FF5FA42A62D6A10025D17B /* Generated */,
				C5674EF82A636D98001FAC41 /* Localizable.strings */,
				C5674EFD2A636DA5001FAC41 /* Localizable.stringsdict */,
			);
			path = Resources;
			sourceTree = "<group>";
		};
		55B06F9629CDB1F100A7F900 /* Helpers */ = {
			isa = PBXGroup;
			children = (
				55FED95B29E5B51C006CE32B /* UIColorMarshalling.swift */,
				555FC09629DADA6100E6C0D9 /* Constants.swift */,
				55F530AB29D0851E002D0826 /* Date+Extensions.swift */,
				55B06F9729CDB20000A7F900 /* UIColor+Extenstions.swift */,
				55F530AD29D095DE002D0826 /* Int+Extensions.swift */,
				C5FF5FA72A62D8490025D17B /* UIImage+Extensions.swift */,
				5531770729D1E9F100DEFCFF /* UICollectionView+Extensions.swift */,
				C5B0A11B2A57E1DB008C0C26 /* UIViewController+Extensions.swift */,
				C5FF5F9A2A62D6640025D17B /* UIView+Extensions.swift */,
				C5FF5F9C2A62D6700025D17B /* CGPoint+Extensions.swift */,
				C5FF5F9E2A62D67A0025D17B /* Array+Extensions.swift */,
				C5B0A1192A57E1D6008C0C26 /* UserDefaultsBacked.swift */,
			);
			path = Helpers;
			sourceTree = "<group>";
		};
		55B06F9929CDB62D00A7F900 /* TabBar */ = {
			isa = PBXGroup;
			children = (
				55B06F9A29CDB63B00A7F900 /* TabBarController.swift */,
			);
			path = TabBar;
			sourceTree = "<group>";
		};
		55BC268A29CCB28A006333B4 = {
			isa = PBXGroup;
			children = (
				55BC269529CCB28A006333B4 /* Tracker */,
				F59042EBA943DBC0693CB804 /* Pods */,
				C5FB3BD12A63642100F5673C /* TrackerTests */,
				F3B4972B28C4ECBDEF393773 /* Frameworks */,
				C5FB3B982A635D5A00F5673C /* Tracker.app */,
				C5FB3BD02A63642100F5673C /* TrackerTests.xctest */,
			);
			sourceTree = "<group>";
		};
		55BC269529CCB28A006333B4 /* Tracker */ = {
			isa = PBXGroup;
			children = (
				55BC269629CCB28A006333B4 /* AppDelegate.swift */,
				55BC269829CCB28A006333B4 /* SceneDelegate.swift */,
				558D5C8D29E2E9FC00C60519 /* UI */,
				C5FF5F972A62D56C0025D17B /* Services */,
				55FED95729E5B2A3006CE32B /* Domain */,
				55B06F9629CDB1F100A7F900 /* Helpers */,
				55B06F9529CDAEC800A7F900 /* Resources */,
			);
			path = Tracker;
			sourceTree = "<group>";
		};
		55CCE50E29D703F4001B23E6 /* Schedule */ = {
			isa = PBXGroup;
			children = (
				55CCE50F29D7040E001B23E6 /* ScheduleViewController.swift */,
				55CCE51129D7091C001B23E6 /* WeekdayCell.swift */,
			);
			path = Schedule;
			sourceTree = "<group>";
		};
		55F6512029CF0BEF00C3E4F2 /* Models */ = {
			isa = PBXGroup;
			children = (
				559D0ABF29E5280800B2B82E /* Model.xcdatamodeld */,
				55F6512129CF0BFF00C3E4F2 /* Tracker.swift */,
				55F6512329CF14E700C3E4F2 /* TrackerCategory.swift */,
				55F6512529CF15D600C3E4F2 /* TrackerRecord.swift */,
				C5F161472A53F5BA00C20D5B /* CoreDataStack.swift */,
			);
			path = Models;
			sourceTree = "<group>";
		};
		55FED95729E5B2A3006CE32B /* Domain */ = {
			isa = PBXGroup;
			children = (
				55FED95829E5B2B5006CE32B /* Store */,
				55F6512029CF0BEF00C3E4F2 /* Models */,
			);
			path = Domain;
			sourceTree = "<group>";
		};
		55FED95829E5B2B5006CE32B /* Store */ = {
			isa = PBXGroup;
			children = (
				55FED95929E5B2D2006CE32B /* TrackerStore.swift */,
				55FED95D29E5B888006CE32B /* TrackerCategoryStore.swift */,
				55D1CB0729E6F6E2001EE8F4 /* TrackerRecordStore.swift */,
			);
			path = Store;
			sourceTree = "<group>";
		};
		C5B0A11F2A57E27F008C0C26 /* Root */ = {
			isa = PBXGroup;
			children = (
				C5B0A1202A57E27F008C0C26 /* RootViewController.swift */,
			);
			path = Root;
			sourceTree = "<group>";
		};
		C5B0A1222A57E292008C0C26 /* Onboarding */ = {
			isa = PBXGroup;
			children = (
				C5B0A1232A57E292008C0C26 /* OnboardingPageViewController.swift */,
				C5B0A1242A57E292008C0C26 /* OnboardingViewController.swift */,
			);
			path = Onboarding;
			sourceTree = "<group>";
		};
		C5B0A1302A57E350008C0C26 /* Categories */ = {
			isa = PBXGroup;
			children = (
				C5B0A1312A57E350008C0C26 /* CategoryCell.swift */,
				C5B0A1322A57E350008C0C26 /* CategoriesViewModel.swift */,
				C5B0A1332A57E350008C0C26 /* CategoryFormViewController.swift */,
				C5B0A1342A57E350008C0C26 /* CategoriesViewController.swift */,
			);
			path = Categories;
			sourceTree = "<group>";
		};
		C5FB3BD12A63642100F5673C /* TrackerTests */ = {
			isa = PBXGroup;
			children = (
				C5FB3BD22A63642100F5673C /* TrackerTests.swift */,
			);
			path = TrackerTests;
			sourceTree = "<group>";
		};
		C5FF5F8E2A62D52B0025D17B /* Cells */ = {
			isa = PBXGroup;
			children = (
				C5FF5F8F2A62D52B0025D17B /* ColorCell.swift */,
				C5FF5F902A62D52B0025D17B /* ListCell.swift */,
				C5FF5F912A62D52B0025D17B /* SelectionCellProtocol.swift */,
				C5FF5F922A62D52B0025D17B /* EmojiCell.swift */,
			);
			path = Cells;
			sourceTree = "<group>";
		};
		C5FF5F972A62D56C0025D17B /* Services */ = {
			isa = PBXGroup;
			children = (
				C5FF5F982A62D56C0025D17B /* AnalyticsService.swift */,
			);
			path = Services;
			sourceTree = "<group>";
		};
		C5FF5FA42A62D6A10025D17B /* Generated */ = {
			isa = PBXGroup;
			children = (
				C5FF5FA52A62D6A10025D17B /* Strings+Generated.swift */,
			);
			path = Generated;
			sourceTree = "<group>";
		};
		F3B4972B28C4ECBDEF393773 /* Frameworks */ = {
			isa = PBXGroup;
			children = (
				596C987566434025A65B330F /* Pods_Tracker.framework */,
			);
			name = Frameworks;
			sourceTree = "<group>";
		};
		F59042EBA943DBC0693CB804 /* Pods */ = {
			isa = PBXGroup;
			children = (
				A5AF4CFEC83EFD14122504EC /* Pods-Tracker.debug.xcconfig */,
				B550941B412215C8FBAB5D14 /* Pods-Tracker.release.xcconfig */,
			);
			path = Pods;
			sourceTree = "<group>";
		};
/* End PBXGroup section */

/* Begin PBXNativeTarget section */
		55BC269229CCB28A006333B4 /* Tracker */ = {
			isa = PBXNativeTarget;
			buildConfigurationList = 55BC26A729CCB28B006333B4 /* Build configuration list for PBXNativeTarget "Tracker" */;
			buildPhases = (
				377F8F802D5F656CE60B47DF /* [CP] Check Pods Manifest.lock */,
				55BC268F29CCB28A006333B4 /* Sources */,
				55BC269029CCB28A006333B4 /* Frameworks */,
				55BC269129CCB28A006333B4 /* Resources */,
				144279BE643F03DDC24852E2 /* [CP] Embed Pods Frameworks */,
			);
			buildRules = (
			);
			dependencies = (
			);
			name = Tracker;
			packageProductDependencies = (
			);
			productName = Tracker;
			productReference = C5FB3B982A635D5A00F5673C /* Tracker.app */;
			productType = "com.apple.product-type.application";
		};
		C5FB3BCF2A63642100F5673C /* TrackerTests */ = {
			isa = PBXNativeTarget;
			buildConfigurationList = C5FB3BD62A63642100F5673C /* Build configuration list for PBXNativeTarget "TrackerTests" */;
			buildPhases = (
				C5FB3BCC2A63642100F5673C /* Sources */,
				C5FB3BCD2A63642100F5673C /* Frameworks */,
				C5FB3BCE2A63642100F5673C /* Resources */,
			);
			buildRules = (
			);
			dependencies = (
				C5FB3BD52A63642100F5673C /* PBXTargetDependency */,
			);
			name = TrackerTests;
			packageProductDependencies = (
				C5FB3BD92A63642B00F5673C /* SnapshotTesting */,
			);
			productName = TrackerTests;
			productReference = C5FB3BD02A63642100F5673C /* TrackerTests.xctest */;
			productType = "com.apple.product-type.bundle.unit-test";
		};
/* End PBXNativeTarget section */

/* Begin PBXProject section */
		55BC268B29CCB28A006333B4 /* Project object */ = {
			isa = PBXProject;
			attributes = {
				BuildIndependentTargetsInParallel = 1;
				LastSwiftUpdateCheck = 1430;
				LastUpgradeCheck = 1420;
				TargetAttributes = {
					55BC269229CCB28A006333B4 = {
						CreatedOnToolsVersion = 14.2;
					};
					C5FB3BCF2A63642100F5673C = {
						CreatedOnToolsVersion = 14.3.1;
						TestTargetID = 55BC269229CCB28A006333B4;
					};
				};
			};
			buildConfigurationList = 55BC268E29CCB28A006333B4 /* Build configuration list for PBXProject "Tracker" */;
			compatibilityVersion = "Xcode 14.0";
			developmentRegion = ru;
			hasScannedForEncodings = 0;
			knownRegions = (
				ru,
				Base,
				en,
			);
			mainGroup = 55BC268A29CCB28A006333B4;
			packageReferences = (
				C5FB3B992A635DE000F5673C /* XCRemoteSwiftPackageReference "swift-snapshot-testing" */,
			);
			productRefGroup = 55BC268A29CCB28A006333B4;
			projectDirPath = "";
			projectRoot = "";
			targets = (
				55BC269229CCB28A006333B4 /* Tracker */,
				C5FB3BCF2A63642100F5673C /* TrackerTests */,
			);
		};
/* End PBXProject section */

/* Begin PBXResourcesBuildPhase section */
		55BC269129CCB28A006333B4 /* Resources */ = {
			isa = PBXResourcesBuildPhase;
			buildActionMask = 2147483647;
			files = (
				55BC26A029CCB28B006333B4 /* Assets.xcassets in Resources */,
				C5674EFB2A636DA5001FAC41 /* Localizable.stringsdict in Resources */,
				C5674EF62A636D98001FAC41 /* Localizable.strings in Resources */,
				C56DF7F62A636722009E89D6 /* LaunchScreen.storyboard in Resources */,
			);
			runOnlyForDeploymentPostprocessing = 0;
		};
		C5FB3BCE2A63642100F5673C /* Resources */ = {
			isa = PBXResourcesBuildPhase;
			buildActionMask = 2147483647;
			files = (
			);
			runOnlyForDeploymentPostprocessing = 0;
		};
/* End PBXResourcesBuildPhase section */

/* Begin PBXShellScriptBuildPhase section */
		144279BE643F03DDC24852E2 /* [CP] Embed Pods Frameworks */ = {
			isa = PBXShellScriptBuildPhase;
			buildActionMask = 2147483647;
			files = (
			);
			inputFileListPaths = (
				"${PODS_ROOT}/Target Support Files/Pods-Tracker/Pods-Tracker-frameworks-${CONFIGURATION}-input-files.xcfilelist",
			);
			name = "[CP] Embed Pods Frameworks";
			outputFileListPaths = (
				"${PODS_ROOT}/Target Support Files/Pods-Tracker/Pods-Tracker-frameworks-${CONFIGURATION}-output-files.xcfilelist",
			);
			runOnlyForDeploymentPostprocessing = 0;
			shellPath = /bin/sh;
			shellScript = "\"${PODS_ROOT}/Target Support Files/Pods-Tracker/Pods-Tracker-frameworks.sh\"\n";
			showEnvVarsInLog = 0;
		};
		377F8F802D5F656CE60B47DF /* [CP] Check Pods Manifest.lock */ = {
			isa = PBXShellScriptBuildPhase;
			buildActionMask = 2147483647;
			files = (
			);
			inputFileListPaths = (
			);
			inputPaths = (
				"${PODS_PODFILE_DIR_PATH}/Podfile.lock",
				"${PODS_ROOT}/Manifest.lock",
			);
			name = "[CP] Check Pods Manifest.lock";
			outputFileListPaths = (
			);
			outputPaths = (
				"$(DERIVED_FILE_DIR)/Pods-Tracker-checkManifestLockResult.txt",
			);
			runOnlyForDeploymentPostprocessing = 0;
			shellPath = /bin/sh;
			shellScript = "diff \"${PODS_PODFILE_DIR_PATH}/Podfile.lock\" \"${PODS_ROOT}/Manifest.lock\" > /dev/null\nif [ $? != 0 ] ; then\n    # print error to STDERR\n    echo \"error: The sandbox is not in sync with the Podfile.lock. Run 'pod install' or update your CocoaPods installation.\" >&2\n    exit 1\nfi\n# This output is used by Xcode 'outputs' to avoid re-running this script phase.\necho \"SUCCESS\" > \"${SCRIPT_OUTPUT_FILE_0}\"\n";
			showEnvVarsInLog = 0;
		};
/* End PBXShellScriptBuildPhase section */

/* Begin PBXSourcesBuildPhase section */
		55BC268F29CCB28A006333B4 /* Sources */ = {
			isa = PBXSourcesBuildPhase;
			buildActionMask = 2147483647;
			files = (
				C5FF5FA62A62D6A10025D17B /* Strings+Generated.swift in Sources */,
				C5FF5F992A62D56C0025D17B /* AnalyticsService.swift in Sources */,
				55F6512429CF14E700C3E4F2 /* TrackerCategory.swift in Sources */,
				5531770829D1E9F100DEFCFF /* UICollectionView+Extensions.swift in Sources */,
				55B06F9829CDB20000A7F900 /* UIColor+Extenstions.swift in Sources */,
				559D0AC129E5280800B2B82E /* Model.xcdatamodeld in Sources */,
				55FED95A29E5B2D2006CE32B /* TrackerStore.swift in Sources */,
				C5B0A11E2A57E271008C0C26 /* NotFoundStack.swift in Sources */,
				55CCE51029D7040E001B23E6 /* ScheduleViewController.swift in Sources */,
				C5F161482A53F5BA00C20D5B /* CoreDataStack.swift in Sources */,
				C5FF5F8D2A62D4DC0025D17B /* StatisticsViewModel.swift in Sources */,
				C5FF5F9F2A62D67B0025D17B /* Array+Extensions.swift in Sources */,
				C5B0A1212A57E27F008C0C26 /* RootViewController.swift in Sources */,
				55A6B16C29CE1D17005449F4 /* TrackerCell.swift in Sources */,
				55F6512829CF6D5E00C3E4F2 /* TrackerCategoryLabel.swift in Sources */,
				555FC09729DADA6100E6C0D9 /* Constants.swift in Sources */,
				C5B0A1262A57E293008C0C26 /* OnboardingViewController.swift in Sources */,
				55FED95C29E5B51C006CE32B /* UIColorMarshalling.swift in Sources */,
				C5B0A11A2A57E1D6008C0C26 /* UserDefaultsBacked.swift in Sources */,
				55D1CB0829E6F6E2001EE8F4 /* TrackerRecordStore.swift in Sources */,
				55BC269B29CCB28A006333B4 /* TrackersViewController.swift in Sources */,
				55F530AE29D095DE002D0826 /* Int+Extensions.swift in Sources */,
				C5B0A1352A57E350008C0C26 /* CategoryCell.swift in Sources */,
				559FCC0A29D5A228009CEA46 /* TrackerFormViewController.swift in Sources */,
				C5B0A11C2A57E1DB008C0C26 /* UIViewController+Extensions.swift in Sources */,
				C5FF5F9B2A62D6640025D17B /* UIView+Extensions.swift in Sources */,
				C5B0A1382A57E350008C0C26 /* CategoriesViewController.swift in Sources */,
				C5FF5F932A62D52B0025D17B /* ColorCell.swift in Sources */,
				C5B0A1252A57E293008C0C26 /* OnboardingPageViewController.swift in Sources */,
				55F530AC29D0851E002D0826 /* Date+Extensions.swift in Sources */,
				C5B0A1372A57E350008C0C26 /* CategoryFormViewController.swift in Sources */,
				C5FF5F962A62D52C0025D17B /* EmojiCell.swift in Sources */,
				55BC269729CCB28A006333B4 /* AppDelegate.swift in Sources */,
				55CCE51229D7091C001B23E6 /* WeekdayCell.swift in Sources */,
				55F6512629CF15D600C3E4F2 /* TrackerRecord.swift in Sources */,
				C5FF5F952A62D52B0025D17B /* SelectionCellProtocol.swift in Sources */,
				C5FF5F9D2A62D6700025D17B /* CGPoint+Extensions.swift in Sources */,
				5531771429D2D93800DEFCFF /* SelectionTitle.swift in Sources */,
				55F6512229CF0BFF00C3E4F2 /* Tracker.swift in Sources */,
				553176FC29D1A16900DEFCFF /* Button.swift in Sources */,
				C5B0A1362A57E350008C0C26 /* CategoriesViewModel.swift in Sources */,
				C5FF5F942A62D52B0025D17B /* ListCell.swift in Sources */,
				5531771029D2BC5D00DEFCFF /* ListItem.swift in Sources */,
				55FED95E29E5B888006CE32B /* TrackerCategoryStore.swift in Sources */,
				55B06F9D29CDB76D00A7F900 /* StatisticsViewController.swift in Sources */,
				55B06F9B29CDB63B00A7F900 /* TabBarController.swift in Sources */,
				5531770A29D1F8EF00DEFCFF /* TextField.swift in Sources */,
				C5FF5F8B2A62D3DD0025D17B /* StatisticsView.swift in Sources */,
				C5FF5FA82A62D8490025D17B /* UIImage+Extensions.swift in Sources */,
				55BC269929CCB28A006333B4 /* SceneDelegate.swift in Sources */,
				553176F929D19D9B00DEFCFF /* AddTrackerViewController.swift in Sources */,
			);
			runOnlyForDeploymentPostprocessing = 0;
		};
		C5FB3BCC2A63642100F5673C /* Sources */ = {
			isa = PBXSourcesBuildPhase;
			buildActionMask = 2147483647;
			files = (
				C5FB3BD32A63642100F5673C /* TrackerTests.swift in Sources */,
			);
			runOnlyForDeploymentPostprocessing = 0;
		};
/* End PBXSourcesBuildPhase section */

/* Begin PBXTargetDependency section */
		C5FB3BD52A63642100F5673C /* PBXTargetDependency */ = {
			isa = PBXTargetDependency;
			target = 55BC269229CCB28A006333B4 /* Tracker */;
			targetProxy = C5FB3BD42A63642100F5673C /* PBXContainerItemProxy */;
		};
/* End PBXTargetDependency section */

/* Begin PBXVariantGroup section */
		C5674EF82A636D98001FAC41 /* Localizable.strings */ = {
			isa = PBXVariantGroup;
			children = (
				C5674EF72A636D98001FAC41 /* ru */,
				C5674EFE2A636DB3001FAC41 /* en */,
			);
			name = Localizable.strings;
			sourceTree = "<group>";
		};
		C5674EFD2A636DA5001FAC41 /* Localizable.stringsdict */ = {
			isa = PBXVariantGroup;
			children = (
				C5674EFC2A636DA5001FAC41 /* ru */,
				C5674EFF2A636DB3001FAC41 /* en */,
			);
			name = Localizable.stringsdict;
			sourceTree = "<group>";
		};
/* End PBXVariantGroup section */

/* Begin XCBuildConfiguration section */
		55BC26A529CCB28B006333B4 /* Debug */ = {
			isa = XCBuildConfiguration;
			buildSettings = {
				ALWAYS_SEARCH_USER_PATHS = NO;
				CLANG_ANALYZER_LOCALIZABILITY_NONLOCALIZED = YES;
				CLANG_ANALYZER_NONNULL = YES;
				CLANG_ANALYZER_NUMBER_OBJECT_CONVERSION = YES_AGGRESSIVE;
				CLANG_CXX_LANGUAGE_STANDARD = "gnu++20";
				CLANG_ENABLE_MODULES = YES;
				CLANG_ENABLE_OBJC_ARC = YES;
				CLANG_ENABLE_OBJC_WEAK = YES;
				CLANG_WARN_BLOCK_CAPTURE_AUTORELEASING = YES;
				CLANG_WARN_BOOL_CONVERSION = YES;
				CLANG_WARN_COMMA = YES;
				CLANG_WARN_CONSTANT_CONVERSION = YES;
				CLANG_WARN_DEPRECATED_OBJC_IMPLEMENTATIONS = YES;
				CLANG_WARN_DIRECT_OBJC_ISA_USAGE = YES_ERROR;
				CLANG_WARN_DOCUMENTATION_COMMENTS = YES;
				CLANG_WARN_EMPTY_BODY = YES;
				CLANG_WARN_ENUM_CONVERSION = YES;
				CLANG_WARN_INFINITE_RECURSION = YES;
				CLANG_WARN_INT_CONVERSION = YES;
				CLANG_WARN_NON_LITERAL_NULL_CONVERSION = YES;
				CLANG_WARN_OBJC_IMPLICIT_RETAIN_SELF = YES;
				CLANG_WARN_OBJC_LITERAL_CONVERSION = YES;
				CLANG_WARN_OBJC_ROOT_CLASS = YES_ERROR;
				CLANG_WARN_QUOTED_INCLUDE_IN_FRAMEWORK_HEADER = YES;
				CLANG_WARN_RANGE_LOOP_ANALYSIS = YES;
				CLANG_WARN_STRICT_PROTOTYPES = YES;
				CLANG_WARN_SUSPICIOUS_MOVE = YES;
				CLANG_WARN_UNGUARDED_AVAILABILITY = YES_AGGRESSIVE;
				CLANG_WARN_UNREACHABLE_CODE = YES;
				CLANG_WARN__DUPLICATE_METHOD_MATCH = YES;
				COPY_PHASE_STRIP = NO;
				DEBUG_INFORMATION_FORMAT = dwarf;
				ENABLE_STRICT_OBJC_MSGSEND = YES;
				ENABLE_TESTABILITY = YES;
				ENABLE_TESTING_SEARCH_PATHS = YES;
				GCC_C_LANGUAGE_STANDARD = gnu11;
				GCC_DYNAMIC_NO_PIC = NO;
				GCC_NO_COMMON_BLOCKS = YES;
				GCC_OPTIMIZATION_LEVEL = 0;
				GCC_PREPROCESSOR_DEFINITIONS = (
					"DEBUG=1",
					"$(inherited)",
				);
				GCC_WARN_64_TO_32_BIT_CONVERSION = YES;
				GCC_WARN_ABOUT_RETURN_TYPE = YES_ERROR;
				GCC_WARN_UNDECLARED_SELECTOR = YES;
				GCC_WARN_UNINITIALIZED_AUTOS = YES_AGGRESSIVE;
				GCC_WARN_UNUSED_FUNCTION = YES;
				GCC_WARN_UNUSED_VARIABLE = YES;
				IPHONEOS_DEPLOYMENT_TARGET = 13.4;
				MTL_ENABLE_DEBUG_INFO = INCLUDE_SOURCE;
				MTL_FAST_MATH = YES;
				ONLY_ACTIVE_ARCH = YES;
				SDKROOT = iphoneos;
				SWIFT_ACTIVE_COMPILATION_CONDITIONS = DEBUG;
				SWIFT_OPTIMIZATION_LEVEL = "-Onone";
			};
			name = Debug;
		};
		55BC26A629CCB28B006333B4 /* Release */ = {
			isa = XCBuildConfiguration;
			buildSettings = {
				ALWAYS_SEARCH_USER_PATHS = NO;
				CLANG_ANALYZER_LOCALIZABILITY_NONLOCALIZED = YES;
				CLANG_ANALYZER_NONNULL = YES;
				CLANG_ANALYZER_NUMBER_OBJECT_CONVERSION = YES_AGGRESSIVE;
				CLANG_CXX_LANGUAGE_STANDARD = "gnu++20";
				CLANG_ENABLE_MODULES = YES;
				CLANG_ENABLE_OBJC_ARC = YES;
				CLANG_ENABLE_OBJC_WEAK = YES;
				CLANG_WARN_BLOCK_CAPTURE_AUTORELEASING = YES;
				CLANG_WARN_BOOL_CONVERSION = YES;
				CLANG_WARN_COMMA = YES;
				CLANG_WARN_CONSTANT_CONVERSION = YES;
				CLANG_WARN_DEPRECATED_OBJC_IMPLEMENTATIONS = YES;
				CLANG_WARN_DIRECT_OBJC_ISA_USAGE = YES_ERROR;
				CLANG_WARN_DOCUMENTATION_COMMENTS = YES;
				CLANG_WARN_EMPTY_BODY = YES;
				CLANG_WARN_ENUM_CONVERSION = YES;
				CLANG_WARN_INFINITE_RECURSION = YES;
				CLANG_WARN_INT_CONVERSION = YES;
				CLANG_WARN_NON_LITERAL_NULL_CONVERSION = YES;
				CLANG_WARN_OBJC_IMPLICIT_RETAIN_SELF = YES;
				CLANG_WARN_OBJC_LITERAL_CONVERSION = YES;
				CLANG_WARN_OBJC_ROOT_CLASS = YES_ERROR;
				CLANG_WARN_QUOTED_INCLUDE_IN_FRAMEWORK_HEADER = YES;
				CLANG_WARN_RANGE_LOOP_ANALYSIS = YES;
				CLANG_WARN_STRICT_PROTOTYPES = YES;
				CLANG_WARN_SUSPICIOUS_MOVE = YES;
				CLANG_WARN_UNGUARDED_AVAILABILITY = YES_AGGRESSIVE;
				CLANG_WARN_UNREACHABLE_CODE = YES;
				CLANG_WARN__DUPLICATE_METHOD_MATCH = YES;
				COPY_PHASE_STRIP = NO;
				DEBUG_INFORMATION_FORMAT = "dwarf-with-dsym";
				ENABLE_NS_ASSERTIONS = NO;
				ENABLE_STRICT_OBJC_MSGSEND = YES;
				ENABLE_TESTING_SEARCH_PATHS = YES;
				GCC_C_LANGUAGE_STANDARD = gnu11;
				GCC_NO_COMMON_BLOCKS = YES;
				GCC_WARN_64_TO_32_BIT_CONVERSION = YES;
				GCC_WARN_ABOUT_RETURN_TYPE = YES_ERROR;
				GCC_WARN_UNDECLARED_SELECTOR = YES;
				GCC_WARN_UNINITIALIZED_AUTOS = YES_AGGRESSIVE;
				GCC_WARN_UNUSED_FUNCTION = YES;
				GCC_WARN_UNUSED_VARIABLE = YES;
				IPHONEOS_DEPLOYMENT_TARGET = 13.4;
				MTL_ENABLE_DEBUG_INFO = NO;
				MTL_FAST_MATH = YES;
				SDKROOT = iphoneos;
				SWIFT_COMPILATION_MODE = wholemodule;
				SWIFT_OPTIMIZATION_LEVEL = "-O";
				VALIDATE_PRODUCT = YES;
			};
			name = Release;
		};
		55BC26A829CCB28B006333B4 /* Debug */ = {
			isa = XCBuildConfiguration;
			baseConfigurationReference = A5AF4CFEC83EFD14122504EC /* Pods-Tracker.debug.xcconfig */;
			buildSettings = {
				ASSETCATALOG_COMPILER_APPICON_NAME = AppIcon;
				ASSETCATALOG_COMPILER_GLOBAL_ACCENT_COLOR_NAME = AccentColor;
				CODE_SIGN_STYLE = Automatic;
				CURRENT_PROJECT_VERSION = 1;
				DEVELOPMENT_TEAM = HQ7FRKB8XH;
				ENABLE_TESTABILITY = YES;
				ENABLE_TESTING_SEARCH_PATHS = NO;
				GENERATE_INFOPLIST_FILE = YES;
				INFOPLIST_FILE = Tracker/Resources/Info.plist;
				INFOPLIST_KEY_UIApplicationSupportsIndirectInputEvents = YES;
				INFOPLIST_KEY_UILaunchStoryboardName = LaunchScreen;
				INFOPLIST_KEY_UISupportedInterfaceOrientations = UIInterfaceOrientationPortrait;
				INFOPLIST_KEY_UISupportedInterfaceOrientations_iPad = "UIInterfaceOrientationLandscapeLeft UIInterfaceOrientationLandscapeRight UIInterfaceOrientationPortrait UIInterfaceOrientationPortraitUpsideDown";
				IPHONEOS_DEPLOYMENT_TARGET = 13.4;
				LD_RUNPATH_SEARCH_PATHS = (
					"$(inherited)",
					"@executable_path/Frameworks",
				);
				MARKETING_VERSION = 1.0;
				PRODUCT_BUNDLE_IDENTIFIER = ru.looniye.Tracker;
				PRODUCT_NAME = "$(TARGET_NAME)";
				SUPPORTED_PLATFORMS = "iphoneos iphonesimulator";
				SUPPORTS_MACCATALYST = NO;
				SUPPORTS_MAC_DESIGNED_FOR_IPHONE_IPAD = NO;
				SWIFT_EMIT_LOC_STRINGS = YES;
				SWIFT_VERSION = 5.0;
				TARGETED_DEVICE_FAMILY = 1;
			};
			name = Debug;
		};
		55BC26A929CCB28B006333B4 /* Release */ = {
			isa = XCBuildConfiguration;
			baseConfigurationReference = B550941B412215C8FBAB5D14 /* Pods-Tracker.release.xcconfig */;
			buildSettings = {
				ASSETCATALOG_COMPILER_APPICON_NAME = AppIcon;
				ASSETCATALOG_COMPILER_GLOBAL_ACCENT_COLOR_NAME = AccentColor;
				CODE_SIGN_STYLE = Automatic;
				CURRENT_PROJECT_VERSION = 1;
				DEVELOPMENT_TEAM = HQ7FRKB8XH;
				ENABLE_TESTABILITY = YES;
				ENABLE_TESTING_SEARCH_PATHS = NO;
				GENERATE_INFOPLIST_FILE = YES;
				INFOPLIST_FILE = Tracker/Resources/Info.plist;
				INFOPLIST_KEY_UIApplicationSupportsIndirectInputEvents = YES;
				INFOPLIST_KEY_UILaunchStoryboardName = LaunchScreen;
				INFOPLIST_KEY_UISupportedInterfaceOrientations = UIInterfaceOrientationPortrait;
				INFOPLIST_KEY_UISupportedInterfaceOrientations_iPad = "UIInterfaceOrientationLandscapeLeft UIInterfaceOrientationLandscapeRight UIInterfaceOrientationPortrait UIInterfaceOrientationPortraitUpsideDown";
				IPHONEOS_DEPLOYMENT_TARGET = 13.4;
				LD_RUNPATH_SEARCH_PATHS = (
					"$(inherited)",
					"@executable_path/Frameworks",
				);
				MARKETING_VERSION = 1.0;
				PRODUCT_BUNDLE_IDENTIFIER = ru.looniye.Tracker;
				PRODUCT_NAME = "$(TARGET_NAME)";
				SUPPORTED_PLATFORMS = "iphoneos iphonesimulator";
				SUPPORTS_MACCATALYST = NO;
				SUPPORTS_MAC_DESIGNED_FOR_IPHONE_IPAD = NO;
				SWIFT_EMIT_LOC_STRINGS = YES;
				SWIFT_VERSION = 5.0;
				TARGETED_DEVICE_FAMILY = 1;
			};
			name = Release;
		};
		C5FB3BD72A63642100F5673C /* Debug */ = {
			isa = XCBuildConfiguration;
			buildSettings = {
				BUNDLE_LOADER = "$(TEST_HOST)";
				CODE_SIGN_STYLE = Automatic;
				CURRENT_PROJECT_VERSION = 1;
				DEVELOPMENT_TEAM = HQ7FRKB8XH;
				ENABLE_TESTABILITY = YES;
				GENERATE_INFOPLIST_FILE = YES;
				IPHONEOS_DEPLOYMENT_TARGET = 16.4;
				MACOSX_DEPLOYMENT_TARGET = 13.3;
				MARKETING_VERSION = 1.0;
				PRODUCT_BUNDLE_IDENTIFIER = ru.looniye.TrackerTests;
				PRODUCT_NAME = "$(TARGET_NAME)";
				SDKROOT = auto;
				SUPPORTED_PLATFORMS = "iphoneos iphonesimulator macosx";
				SWIFT_EMIT_LOC_STRINGS = NO;
				SWIFT_VERSION = 5.0;
				TARGETED_DEVICE_FAMILY = "1,2";
				TEST_HOST = "$(BUILT_PRODUCTS_DIR)/Tracker.app/$(BUNDLE_EXECUTABLE_FOLDER_PATH)/Tracker";
			};
			name = Debug;
		};
		C5FB3BD82A63642100F5673C /* Release */ = {
			isa = XCBuildConfiguration;
			buildSettings = {
				BUNDLE_LOADER = "$(TEST_HOST)";
				CODE_SIGN_STYLE = Automatic;
				CURRENT_PROJECT_VERSION = 1;
				DEVELOPMENT_TEAM = HQ7FRKB8XH;
				ENABLE_TESTABILITY = YES;
				GENERATE_INFOPLIST_FILE = YES;
				IPHONEOS_DEPLOYMENT_TARGET = 16.4;
				MACOSX_DEPLOYMENT_TARGET = 13.3;
				MARKETING_VERSION = 1.0;
				PRODUCT_BUNDLE_IDENTIFIER = ru.looniye.TrackerTests;
				PRODUCT_NAME = "$(TARGET_NAME)";
				SDKROOT = auto;
				SUPPORTED_PLATFORMS = "iphoneos iphonesimulator macosx";
				SWIFT_EMIT_LOC_STRINGS = NO;
				SWIFT_VERSION = 5.0;
				TARGETED_DEVICE_FAMILY = "1,2";
				TEST_HOST = "$(BUILT_PRODUCTS_DIR)/Tracker.app/$(BUNDLE_EXECUTABLE_FOLDER_PATH)/Tracker";
			};
			name = Release;
		};
/* End XCBuildConfiguration section */

/* Begin XCConfigurationList section */
		55BC268E29CCB28A006333B4 /* Build configuration list for PBXProject "Tracker" */ = {
			isa = XCConfigurationList;
			buildConfigurations = (
				55BC26A529CCB28B006333B4 /* Debug */,
				55BC26A629CCB28B006333B4 /* Release */,
			);
			defaultConfigurationIsVisible = 0;
			defaultConfigurationName = Release;
		};
		55BC26A729CCB28B006333B4 /* Build configuration list for PBXNativeTarget "Tracker" */ = {
			isa = XCConfigurationList;
			buildConfigurations = (
				55BC26A829CCB28B006333B4 /* Debug */,
				55BC26A929CCB28B006333B4 /* Release */,
			);
			defaultConfigurationIsVisible = 0;
			defaultConfigurationName = Release;
		};
		C5FB3BD62A63642100F5673C /* Build configuration list for PBXNativeTarget "TrackerTests" */ = {
			isa = XCConfigurationList;
			buildConfigurations = (
				C5FB3BD72A63642100F5673C /* Debug */,
				C5FB3BD82A63642100F5673C /* Release */,
			);
			defaultConfigurationIsVisible = 0;
			defaultConfigurationName = Release;
		};
/* End XCConfigurationList section */

/* Begin XCRemoteSwiftPackageReference section */
		C5FB3B992A635DE000F5673C /* XCRemoteSwiftPackageReference "swift-snapshot-testing" */ = {
			isa = XCRemoteSwiftPackageReference;
			repositoryURL = "https://github.com/pointfreeco/swift-snapshot-testing";
			requirement = {
				kind = upToNextMajorVersion;
				minimumVersion = 1.0.0;
			};
		};
/* End XCRemoteSwiftPackageReference section */

/* Begin XCSwiftPackageProductDependency section */
		C5FB3BD92A63642B00F5673C /* SnapshotTesting */ = {
			isa = XCSwiftPackageProductDependency;
			package = C5FB3B992A635DE000F5673C /* XCRemoteSwiftPackageReference "swift-snapshot-testing" */;
			productName = SnapshotTesting;
		};
/* End XCSwiftPackageProductDependency section */

/* Begin XCVersionGroup section */
		559D0ABF29E5280800B2B82E /* Model.xcdatamodeld */ = {
			isa = XCVersionGroup;
			children = (
				559D0AC029E5280800B2B82E /* Model.xcdatamodel */,
			);
			currentVersion = 559D0AC029E5280800B2B82E /* Model.xcdatamodel */;
			path = Model.xcdatamodeld;
			sourceTree = "<group>";
			versionGroupType = wrapper.xcdatamodel;
		};
/* End XCVersionGroup section */
	};
	rootObject = 55BC268B29CCB28A006333B4 /* Project object */;
}
